
Microsoft Visual Studio Solution File, Format Version 12.00
# Visual Studio Version 17
VisualStudioVersion = 17.14.36414.22
MinimumVisualStudioVersion = 10.0.40219.1
Project("{2150E333-8FDC-42A3-9474-1A3956D46DE8}") = "Task0", "Task0", "{36D591C7-65C7-A0D1-1CBC-10CDE441BDC8}"
EndProject
Project("{FAE04EC0-301F-11D3-BF4B-00C04F79EFBC}") = "Tyuiu.BazilevichAV.Sprint4.Task0.V4", "Tyuiu.BazilevichAV.Sprint4.Task0.V4\Tyuiu.BazilevichAV.Sprint4.Task0.V4.csproj", "{CD9284F7-8C89-49AA-B1BB-88008C8F6B07}"
EndProject
Project("{FAE04EC0-301F-11D3-BF4B-00C04F79EFBC}") = "Tyuiu.BazilevichAV.Sprint4.Task0.V4.Test", "Tyuiu.BazilevichAV.Sprint4.Task0.V4.Test\Tyuiu.BazilevichAV.Sprint4.Task0.V4.Test.csproj", "{AC283A5F-C0C9-49CA-993B-92AF92904ABE}"
EndProject
Project("{FAE04EC0-301F-11D3-BF4B-00C04F79EFBC}") = "Tyuiu.BazilevichAV.Sprint4.Task0.V4.Lib", "Tyuiu.BazilevichAV.Sprint4.Task0.V4.Lib\Tyuiu.BazilevichAV.Sprint4.Task0.V4.Lib.csproj", "{1D34F108-4226-41C1-A4F6-48BCA67CB596}"
EndProject
Project("{2150E333-8FDC-42A3-9474-1A3956D46DE8}") = "Task1", "Task1", "{08157C5E-D212-4C65-8666-26048898DD38}"
EndProject
Project("{FAE04EC0-301F-11D3-BF4B-00C04F79EFBC}") = "Tyuiu.BazilevichAV.Sprint4.Task1.V24", "Tyuiu.BazilevichAV.Sprint4.Task1.V24\Tyuiu.BazilevichAV.Sprint4.Task1.V24.csproj", "{6CEE1077-9756-4802-A448-9B2AFFF5E7E4}"
EndProject
Project("{FAE04EC0-301F-11D3-BF4B-00C04F79EFBC}") = "Tyuiu.BazilevichAV.Sprint4.Task1.V24.Lib", "Tyuiu.BazilevichAV.Sprint4.Task1.V24.Lib\Tyuiu.BazilevichAV.Sprint4.Task1.V24.Lib.csproj", "{6BDCB691-A5D2-459B-9A7C-E5BF066B2C6D}"
EndProject
Project("{FAE04EC0-301F-11D3-BF4B-00C04F79EFBC}") = "Tyuiu.BazilevichAV.Sprint4.Task1.V24.Test", "Tyuiu.BazilevichAV.Sprint4.Task1.V24.Test\Tyuiu.BazilevichAV.Sprint4.Task1.V24.Test.csproj", "{AB158512-A84C-4780-A74F-EABE9D69445F}"
EndProject
Project("{2150E333-8FDC-42A3-9474-1A3956D46DE8}") = "Task2", "Task2", "{1A8807E2-230B-41AF-8C3C-7F9F6FC3890A}"
EndProject
Project("{FAE04EC0-301F-11D3-BF4B-00C04F79EFBC}") = "Tyuiu.BazilevichAV.Sprint4.Task2.V2", "Tyuiu.BazilevichAV.Sprint4.Task2.V2\Tyuiu.BazilevichAV.Sprint4.Task2.V2.csproj", "{78FA3B43-8ECC-4770-9D0C-B6347611585A}"
EndProject
Project("{FAE04EC0-301F-11D3-BF4B-00C04F79EFBC}") = "Tyuiu.BazilevichAV.Sprint4.Task2.V2.Test", "Tyuiu.BazilevichAV.Sprint4.Task2.V2.Test\Tyuiu.BazilevichAV.Sprint4.Task2.V2.Test.csproj", "{5FCF4B5A-062C-4C22-A113-67E98DFEC970}"
EndProject
Project("{FAE04EC0-301F-11D3-BF4B-00C04F79EFBC}") = "Tyuiu.BazilevichAV.Sprint4.Task2.V2.Lib", "Tyuiu.BazilevichAV.Sprint4.Task2.V2.Lib\Tyuiu.BazilevichAV.Sprint4.Task2.V2.Lib.csproj", "{3E5B28F9-3A0A-4743-BD79-C78A525A2EF6}"
EndProject
Project("{2150E333-8FDC-42A3-9474-1A3956D46DE8}") = "Task3", "Task3", "{B0431412-1535-4549-ABC9-5517B9355682}"
EndProject
Project("{FAE04EC0-301F-11D3-BF4B-00C04F79EFBC}") = "Tyuiu.BazilevichAV.Sprint4.Task3.V22", "Tyuiu.BazilevichAV.Sprint4.Task3.V22\Tyuiu.BazilevichAV.Sprint4.Task3.V22.csproj", "{93298C45-3CB0-4856-97BE-F304D32C58BC}"
EndProject
Project("{FAE04EC0-301F-11D3-BF4B-00C04F79EFBC}") = "Tyuiu.BazilevichAV.Sprint4.Task3.V22.Lib", "Tyuiu.BazilevichAV.Sprint4.Task3.V22.Lib\Tyuiu.BazilevichAV.Sprint4.Task3.V22.Lib.csproj", "{790299CD-511A-4F5E-9FA0-152FD2D6B811}"
EndProject
Project("{FAE04EC0-301F-11D3-BF4B-00C04F79EFBC}") = "Tyuiu.BazilevichAV.Sprint4.Task3.V22.Test", "Tyuiu.BazilevichAV.Sprint4.Task3.V22.Test\Tyuiu.BazilevichAV.Sprint4.Task3.V22.Test.csproj", "{D11B1D92-7F28-49F4-B7EE-045FA6272B52}"
EndProject
Project("{2150E333-8FDC-42A3-9474-1A3956D46DE8}") = "Task4", "Task4", "{E36AF811-F21E-496C-A825-AFCB2516791A}"
EndProject
Project("{FAE04EC0-301F-11D3-BF4B-00C04F79EFBC}") = "Tyuiu.BazilevichAV.Sprint4.Task4.V9", "Tyuiu.BazilevichAV.Sprint4.Task4.V9\Tyuiu.BazilevichAV.Sprint4.Task4.V9.csproj", "{66552C34-E727-4395-88DC-1181E93B0D91}"
EndProject
Project("{FAE04EC0-301F-11D3-BF4B-00C04F79EFBC}") = "Tyuiu.BazilevichAV.Sprint4.Task4.V9.Test", "Tyuiu.BazilevichAV.Sprint4.Task4.V9.Test\Tyuiu.BazilevichAV.Sprint4.Task4.V9.Test.csproj", "{63DFEFEC-DDF2-4592-87CE-E5829605E725}"
EndProject
Project("{FAE04EC0-301F-11D3-BF4B-00C04F79EFBC}") = "Tyuiu.BazilevichAV.Sprint4.Task4.V9.Lib", "Tyuiu.BazilevichAV.Sprint4.Task4.V9.Lib\Tyuiu.BazilevichAV.Sprint4.Task4.V9.Lib.csproj", "{C2D5BC2C-2280-4B6F-8BD1-2D9C1A3B18DA}"
EndProject
Project("{2150E333-8FDC-42A3-9474-1A3956D46DE8}") = "Task5", "Task5", "{D86C08EF-D3C6-4EA6-8A90-91FC369A134E}"
EndProject
Project("{FAE04EC0-301F-11D3-BF4B-00C04F79EFBC}") = "Tyuiu.BazilevichAV.Sprint4.Task5.V12", "Tyuiu.BazilevichAV.Sprint4.Task5.V12\Tyuiu.BazilevichAV.Sprint4.Task5.V12.csproj", "{98EC1165-BAF2-48E0-ABCC-C98D5F56C89E}"
EndProject
Project("{FAE04EC0-301F-11D3-BF4B-00C04F79EFBC}") = "Tyuiu.BazilevichAV.Sprint4.Task5.V12.Lib", "Tyuiu.BazilevichAV.Sprint4.Task5.V12.Lib\Tyuiu.BazilevichAV.Sprint4.Task5.V12.Lib.csproj", "{9573AAEE-2560-4B27-A3E3-E036DD8E9272}"
EndProject
Project("{FAE04EC0-301F-11D3-BF4B-00C04F79EFBC}") = "Tyuiu.BazilevichAV.Sprint4.Task5.V12.Test", "Tyuiu.BazilevichAV.Sprint4.Task5.V12.Test\Tyuiu.BazilevichAV.Sprint4.Task5.V12.Test.csproj", "{65782295-B420-438D-BAE5-CF63085AF113}"
EndProject
Project("{2150E333-8FDC-42A3-9474-1A3956D46DE8}") = "Task6", "Task6", "{CF7549CB-ACD2-4691-8CFD-38BF61145994}"
EndProject
Project("{FAE04EC0-301F-11D3-BF4B-00C04F79EFBC}") = "Tyuiu.BazilevichAV.Sprint4.Task6.V22", "Tyuiu.BazilevichAV.Sprint4.Task6.V22\Tyuiu.BazilevichAV.Sprint4.Task6.V22.csproj", "{D84E99FA-4787-46A5-AE33-234500AC7C56}"
EndProject
Project("{FAE04EC0-301F-11D3-BF4B-00C04F79EFBC}") = "Tyuiu.BazilevichAV.Sprint4.Task6.V22.Test", "Tyuiu.BazilevichAV.Sprint4.Task6.V22.Test\Tyuiu.BazilevichAV.Sprint4.Task6.V22.Test.csproj", "{0A62F821-FE06-4E82-B048-4700F1D5579B}"
EndProject
Project("{FAE04EC0-301F-11D3-BF4B-00C04F79EFBC}") = "Tyuiu.BazilevichAV.Sprint4.Task6.V22.Lib", "Tyuiu.BazilevichAV.Sprint4.Task6.V22.Lib\Tyuiu.BazilevichAV.Sprint4.Task6.V22.Lib.csproj", "{16A459E6-4D26-439E-BEB4-2B838249450B}"
EndProject
Project("{2150E333-8FDC-42A3-9474-1A3956D46DE8}") = "Task7", "Task7", "{8A1C7DE4-AA4D-4806-AF5F-B193CEF30B8A}"
EndProject
Project("{FAE04EC0-301F-11D3-BF4B-00C04F79EFBC}") = "Tyuiu.BazilevichAV.Sprint4.Task7.V2", "Tyuiu.BazilevichAV.Sprint4.Task7.V2\Tyuiu.BazilevichAV.Sprint4.Task7.V2.csproj", "{1573C6BA-CCD8-41E8-9FF1-0D2005864A45}"
EndProject
Project("{FAE04EC0-301F-11D3-BF4B-00C04F79EFBC}") = "Tyuiu.BazilevichAV.Sprint4.Task7.V2.Test", "Tyuiu.BazilevichAV.Sprint4.Task7.V2.Test\Tyuiu.BazilevichAV.Sprint4.Task7.V2.Test.csproj", "{12AEF46B-FE5D-4D48-B2D8-CBF76C2E2550}"
EndProject
Project("{FAE04EC0-301F-11D3-BF4B-00C04F79EFBC}") = "Tyuiu.BazilevichAV.Sprint4.Task7.V2.Lib", "Tyuiu.BazilevichAV.Sprint4.Task7.V2.Lib\Tyuiu.BazilevichAV.Sprint4.Task7.V2.Lib.csproj", "{88EEB53D-8800-4502-B298-F846D2EEDBD2}"
EndProject
Global
	GlobalSection(SolutionConfigurationPlatforms) = preSolution
		Debug|Any CPU = Debug|Any CPU
		Release|Any CPU = Release|Any CPU
	EndGlobalSection
	GlobalSection(ProjectConfigurationPlatforms) = postSolution
		{CD9284F7-8C89-49AA-B1BB-88008C8F6B07}.Debug|Any CPU.ActiveCfg = Debug|Any CPU
		{CD9284F7-8C89-49AA-B1BB-88008C8F6B07}.Debug|Any CPU.Build.0 = Debug|Any CPU
		{CD9284F7-8C89-49AA-B1BB-88008C8F6B07}.Release|Any CPU.ActiveCfg = Release|Any CPU
		{CD9284F7-8C89-49AA-B1BB-88008C8F6B07}.Release|Any CPU.Build.0 = Release|Any CPU
		{AC283A5F-C0C9-49CA-993B-92AF92904ABE}.Debug|Any CPU.ActiveCfg = Debug|Any CPU
		{AC283A5F-C0C9-49CA-993B-92AF92904ABE}.Debug|Any CPU.Build.0 = Debug|Any CPU
		{AC283A5F-C0C9-49CA-993B-92AF92904ABE}.Release|Any CPU.ActiveCfg = Release|Any CPU
		{AC283A5F-C0C9-49CA-993B-92AF92904ABE}.Release|Any CPU.Build.0 = Release|Any CPU
		{1D34F108-4226-41C1-A4F6-48BCA67CB596}.Debug|Any CPU.ActiveCfg = Debug|Any CPU
		{1D34F108-4226-41C1-A4F6-48BCA67CB596}.Debug|Any CPU.Build.0 = Debug|Any CPU
		{1D34F108-4226-41C1-A4F6-48BCA67CB596}.Release|Any CPU.ActiveCfg = Release|Any CPU
		{1D34F108-4226-41C1-A4F6-48BCA67CB596}.Release|Any CPU.Build.0 = Release|Any CPU
		{6CEE1077-9756-4802-A448-9B2AFFF5E7E4}.Debug|Any CPU.ActiveCfg = Debug|Any CPU
		{6CEE1077-9756-4802-A448-9B2AFFF5E7E4}.Debug|Any CPU.Build.0 = Debug|Any CPU
		{6CEE1077-9756-4802-A448-9B2AFFF5E7E4}.Release|Any CPU.ActiveCfg = Release|Any CPU
		{6CEE1077-9756-4802-A448-9B2AFFF5E7E4}.Release|Any CPU.Build.0 = Release|Any CPU
		{6BDCB691-A5D2-459B-9A7C-E5BF066B2C6D}.Debug|Any CPU.ActiveCfg = Debug|Any CPU
		{6BDCB691-A5D2-459B-9A7C-E5BF066B2C6D}.Debug|Any CPU.Build.0 = Debug|Any CPU
		{6BDCB691-A5D2-459B-9A7C-E5BF066B2C6D}.Release|Any CPU.ActiveCfg = Release|Any CPU
		{6BDCB691-A5D2-459B-9A7C-E5BF066B2C6D}.Release|Any CPU.Build.0 = Release|Any CPU
		{AB158512-A84C-4780-A74F-EABE9D69445F}.Debug|Any CPU.ActiveCfg = Debug|Any CPU
		{AB158512-A84C-4780-A74F-EABE9D69445F}.Debug|Any CPU.Build.0 = Debug|Any CPU
		{AB158512-A84C-4780-A74F-EABE9D69445F}.Release|Any CPU.ActiveCfg = Release|Any CPU
		{AB158512-A84C-4780-A74F-EABE9D69445F}.Release|Any CPU.Build.0 = Release|Any CPU
		{78FA3B43-8ECC-4770-9D0C-B6347611585A}.Debug|Any CPU.ActiveCfg = Debug|Any CPU
		{78FA3B43-8ECC-4770-9D0C-B6347611585A}.Debug|Any CPU.Build.0 = Debug|Any CPU
		{78FA3B43-8ECC-4770-9D0C-B6347611585A}.Release|Any CPU.ActiveCfg = Release|Any CPU
		{78FA3B43-8ECC-4770-9D0C-B6347611585A}.Release|Any CPU.Build.0 = Release|Any CPU
		{5FCF4B5A-062C-4C22-A113-67E98DFEC970}.Debug|Any CPU.ActiveCfg = Debug|Any CPU
		{5FCF4B5A-062C-4C22-A113-67E98DFEC970}.Debug|Any CPU.Build.0 = Debug|Any CPU
		{5FCF4B5A-062C-4C22-A113-67E98DFEC970}.Release|Any CPU.ActiveCfg = Release|Any CPU
		{5FCF4B5A-062C-4C22-A113-67E98DFEC970}.Release|Any CPU.Build.0 = Release|Any CPU
		{3E5B28F9-3A0A-4743-BD79-C78A525A2EF6}.Debug|Any CPU.ActiveCfg = Debug|Any CPU
		{3E5B28F9-3A0A-4743-BD79-C78A525A2EF6}.Debug|Any CPU.Build.0 = Debug|Any CPU
		{3E5B28F9-3A0A-4743-BD79-C78A525A2EF6}.Release|Any CPU.ActiveCfg = Release|Any CPU
		{3E5B28F9-3A0A-4743-BD79-C78A525A2EF6}.Release|Any CPU.Build.0 = Release|Any CPU
		{93298C45-3CB0-4856-97BE-F304D32C58BC}.Debug|Any CPU.ActiveCfg = Debug|Any CPU
		{93298C45-3CB0-4856-97BE-F304D32C58BC}.Debug|Any CPU.Build.0 = Debug|Any CPU
		{93298C45-3CB0-4856-97BE-F304D32C58BC}.Release|Any CPU.ActiveCfg = Release|Any CPU
		{93298C45-3CB0-4856-97BE-F304D32C58BC}.Release|Any CPU.Build.0 = Release|Any CPU
		{790299CD-511A-4F5E-9FA0-152FD2D6B811}.Debug|Any CPU.ActiveCfg = Debug|Any CPU
		{790299CD-511A-4F5E-9FA0-152FD2D6B811}.Debug|Any CPU.Build.0 = Debug|Any CPU
		{790299CD-511A-4F5E-9FA0-152FD2D6B811}.Release|Any CPU.ActiveCfg = Release|Any CPU
		{790299CD-511A-4F5E-9FA0-152FD2D6B811}.Release|Any CPU.Build.0 = Release|Any CPU
		{D11B1D92-7F28-49F4-B7EE-045FA6272B52}.Debug|Any CPU.ActiveCfg = Debug|Any CPU
		{D11B1D92-7F28-49F4-B7EE-045FA6272B52}.Debug|Any CPU.Build.0 = Debug|Any CPU
		{D11B1D92-7F28-49F4-B7EE-045FA6272B52}.Release|Any CPU.ActiveCfg = Release|Any CPU
		{D11B1D92-7F28-49F4-B7EE-045FA6272B52}.Release|Any CPU.Build.0 = Release|Any CPU
		{66552C34-E727-4395-88DC-1181E93B0D91}.Debug|Any CPU.ActiveCfg = Debug|Any CPU
		{66552C34-E727-4395-88DC-1181E93B0D91}.Debug|Any CPU.Build.0 = Debug|Any CPU
		{66552C34-E727-4395-88DC-1181E93B0D91}.Release|Any CPU.ActiveCfg = Release|Any CPU
		{66552C34-E727-4395-88DC-1181E93B0D91}.Release|Any CPU.Build.0 = Release|Any CPU
		{63DFEFEC-DDF2-4592-87CE-E5829605E725}.Debug|Any CPU.ActiveCfg = Debug|Any CPU
		{63DFEFEC-DDF2-4592-87CE-E5829605E725}.Debug|Any CPU.Build.0 = Debug|Any CPU
		{63DFEFEC-DDF2-4592-87CE-E5829605E725}.Release|Any CPU.ActiveCfg = Release|Any CPU
		{63DFEFEC-DDF2-4592-87CE-E5829605E725}.Release|Any CPU.Build.0 = Release|Any CPU
		{C2D5BC2C-2280-4B6F-8BD1-2D9C1A3B18DA}.Debug|Any CPU.ActiveCfg = Debug|Any CPU
		{C2D5BC2C-2280-4B6F-8BD1-2D9C1A3B18DA}.Debug|Any CPU.Build.0 = Debug|Any CPU
		{C2D5BC2C-2280-4B6F-8BD1-2D9C1A3B18DA}.Release|Any CPU.ActiveCfg = Release|Any CPU
		{C2D5BC2C-2280-4B6F-8BD1-2D9C1A3B18DA}.Release|Any CPU.Build.0 = Release|Any CPU
		{98EC1165-BAF2-48E0-ABCC-C98D5F56C89E}.Debug|Any CPU.ActiveCfg = Debug|Any CPU
		{98EC1165-BAF2-48E0-ABCC-C98D5F56C89E}.Debug|Any CPU.Build.0 = Debug|Any CPU
		{98EC1165-BAF2-48E0-ABCC-C98D5F56C89E}.Release|Any CPU.ActiveCfg = Release|Any CPU
		{98EC1165-BAF2-48E0-ABCC-C98D5F56C89E}.Release|Any CPU.Build.0 = Release|Any CPU
		{9573AAEE-2560-4B27-A3E3-E036DD8E9272}.Debug|Any CPU.ActiveCfg = Debug|Any CPU
		{9573AAEE-2560-4B27-A3E3-E036DD8E9272}.Debug|Any CPU.Build.0 = Debug|Any CPU
		{9573AAEE-2560-4B27-A3E3-E036DD8E9272}.Release|Any CPU.ActiveCfg = Release|Any CPU
		{9573AAEE-2560-4B27-A3E3-E036DD8E9272}.Release|Any CPU.Build.0 = Release|Any CPU
		{65782295-B420-438D-BAE5-CF63085AF113}.Debug|Any CPU.ActiveCfg = Debug|Any CPU
		{65782295-B420-438D-BAE5-CF63085AF113}.Debug|Any CPU.Build.0 = Debug|Any CPU
		{65782295-B420-438D-BAE5-CF63085AF113}.Release|Any CPU.ActiveCfg = Release|Any CPU
		{65782295-B420-438D-BAE5-CF63085AF113}.Release|Any CPU.Build.0 = Release|Any CPU
		{D84E99FA-4787-46A5-AE33-234500AC7C56}.Debug|Any CPU.ActiveCfg = Debug|Any CPU
		{D84E99FA-4787-46A5-AE33-234500AC7C56}.Debug|Any CPU.Build.0 = Debug|Any CPU
		{D84E99FA-4787-46A5-AE33-234500AC7C56}.Release|Any CPU.ActiveCfg = Release|Any CPU
		{D84E99FA-4787-46A5-AE33-234500AC7C56}.Release|Any CPU.Build.0 = Release|Any CPU
		{0A62F821-FE06-4E82-B048-4700F1D5579B}.Debug|Any CPU.ActiveCfg = Debug|Any CPU
		{0A62F821-FE06-4E82-B048-4700F1D5579B}.Debug|Any CPU.Build.0 = Debug|Any CPU
		{0A62F821-FE06-4E82-B048-4700F1D5579B}.Release|Any CPU.ActiveCfg = Release|Any CPU
		{0A62F821-FE06-4E82-B048-4700F1D5579B}.Release|Any CPU.Build.0 = Release|Any CPU
		{16A459E6-4D26-439E-BEB4-2B838249450B}.Debug|Any CPU.ActiveCfg = Debug|Any CPU
		{16A459E6-4D26-439E-BEB4-2B838249450B}.Debug|Any CPU.Build.0 = Debug|Any CPU
		{16A459E6-4D26-439E-BEB4-2B838249450B}.Release|Any CPU.ActiveCfg = Release|Any CPU
		{16A459E6-4D26-439E-BEB4-2B838249450B}.Release|Any CPU.Build.0 = Release|Any CPU
		{1573C6BA-CCD8-41E8-9FF1-0D2005864A45}.Debug|Any CPU.ActiveCfg = Debug|Any CPU
		{1573C6BA-CCD8-41E8-9FF1-0D2005864A45}.Debug|Any CPU.Build.0 = Debug|Any CPU
		{1573C6BA-CCD8-41E8-9FF1-0D2005864A45}.Release|Any CPU.ActiveCfg = Release|Any CPU
		{1573C6BA-CCD8-41E8-9FF1-0D2005864A45}.Release|Any CPU.Build.0 = Release|Any CPU
		{12AEF46B-FE5D-4D48-B2D8-CBF76C2E2550}.Debug|Any CPU.ActiveCfg = Debug|Any CPU
		{12AEF46B-FE5D-4D48-B2D8-CBF76C2E2550}.Debug|Any CPU.Build.0 = Debug|Any CPU
		{12AEF46B-FE5D-4D48-B2D8-CBF76C2E2550}.Release|Any CPU.ActiveCfg = Release|Any CPU
		{12AEF46B-FE5D-4D48-B2D8-CBF76C2E2550}.Release|Any CPU.Build.0 = Release|Any CPU
		{88EEB53D-8800-4502-B298-F846D2EEDBD2}.Debug|Any CPU.ActiveCfg = Debug|Any CPU
		{88EEB53D-8800-4502-B298-F846D2EEDBD2}.Debug|Any CPU.Build.0 = Debug|Any CPU
		{88EEB53D-8800-4502-B298-F846D2EEDBD2}.Release|Any CPU.ActiveCfg = Release|Any CPU
		{88EEB53D-8800-4502-B298-F846D2EEDBD2}.Release|Any CPU.Build.0 = Release|Any CPU
	EndGlobalSection
	GlobalSection(SolutionProperties) = preSolution
		HideSolutionNode = FALSE
	EndGlobalSection
	GlobalSection(NestedProjects) = preSolution
		{CD9284F7-8C89-49AA-B1BB-88008C8F6B07} = {36D591C7-65C7-A0D1-1CBC-10CDE441BDC8}
		{AC283A5F-C0C9-49CA-993B-92AF92904ABE} = {36D591C7-65C7-A0D1-1CBC-10CDE441BDC8}
		{1D34F108-4226-41C1-A4F6-48BCA67CB596} = {36D591C7-65C7-A0D1-1CBC-10CDE441BDC8}
		{6CEE1077-9756-4802-A448-9B2AFFF5E7E4} = {08157C5E-D212-4C65-8666-26048898DD38}
		{6BDCB691-A5D2-459B-9A7C-E5BF066B2C6D} = {08157C5E-D212-4C65-8666-26048898DD38}
		{AB158512-A84C-4780-A74F-EABE9D69445F} = {08157C5E-D212-4C65-8666-26048898DD38}
		{78FA3B43-8ECC-4770-9D0C-B6347611585A} = {1A8807E2-230B-41AF-8C3C-7F9F6FC3890A}
		{5FCF4B5A-062C-4C22-A113-67E98DFEC970} = {1A8807E2-230B-41AF-8C3C-7F9F6FC3890A}
		{3E5B28F9-3A0A-4743-BD79-C78A525A2EF6} = {1A8807E2-230B-41AF-8C3C-7F9F6FC3890A}
		{93298C45-3CB0-4856-97BE-F304D32C58BC} = {B0431412-1535-4549-ABC9-5517B9355682}
		{790299CD-511A-4F5E-9FA0-152FD2D6B811} = {B0431412-1535-4549-ABC9-5517B9355682}
		{D11B1D92-7F28-49F4-B7EE-045FA6272B52} = {B0431412-1535-4549-ABC9-5517B9355682}
		{66552C34-E727-4395-88DC-1181E93B0D91} = {E36AF811-F21E-496C-A825-AFCB2516791A}
		{63DFEFEC-DDF2-4592-87CE-E5829605E725} = {E36AF811-F21E-496C-A825-AFCB2516791A}
		{C2D5BC2C-2280-4B6F-8BD1-2D9C1A3B18DA} = {E36AF811-F21E-496C-A825-AFCB2516791A}
		{98EC1165-BAF2-48E0-ABCC-C98D5F56C89E} = {D86C08EF-D3C6-4EA6-8A90-91FC369A134E}
		{9573AAEE-2560-4B27-A3E3-E036DD8E9272} = {D86C08EF-D3C6-4EA6-8A90-91FC369A134E}
		{65782295-B420-438D-BAE5-CF63085AF113} = {D86C08EF-D3C6-4EA6-8A90-91FC369A134E}
		{D84E99FA-4787-46A5-AE33-234500AC7C56} = {CF7549CB-ACD2-4691-8CFD-38BF61145994}
		{0A62F821-FE06-4E82-B048-4700F1D5579B} = {CF7549CB-ACD2-4691-8CFD-38BF61145994}
		{16A459E6-4D26-439E-BEB4-2B838249450B} = {CF7549CB-ACD2-4691-8CFD-38BF61145994}
		{1573C6BA-CCD8-41E8-9FF1-0D2005864A45} = {8A1C7DE4-AA4D-4806-AF5F-B193CEF30B8A}
		{12AEF46B-FE5D-4D48-B2D8-CBF76C2E2550} = {8A1C7DE4-AA4D-4806-AF5F-B193CEF30B8A}
		{88EEB53D-8800-4502-B298-F846D2EEDBD2} = {8A1C7DE4-AA4D-4806-AF5F-B193CEF30B8A}
	EndGlobalSection
	GlobalSection(ExtensibilityGlobals) = postSolution
		SolutionGuid = {807A5970-D74B-4C13-BC34-5AC987A018F4}
	EndGlobalSection
EndGlobal
